{
  "nodes": {
    "fenix": {
      "inputs": {
        "nixpkgs": [
          "nixpkgs"
        ],
        "rust-analyzer-src": "rust-analyzer-src"
      },
      "locked": {
        "lastModified": 1746686262,
        "narHash": "sha256-NKzX8InfkKXEQrm1XQLa7AYRwQbf5GiNWv/SmN1Jayo=",
        "owner": "nix-community",
        "repo": "fenix",
        "rev": "c0a5a9ffad545f14a32fe47dfc2996f99d6e7a26",
        "type": "github"
      },
      "original": {
        "id": "fenix",
        "type": "indirect"
      }
    },
    "firefox-extensions": {
      "inputs": {
        "nixpkgs": [
          "nixpkgs"
        ]
      },
      "locked": {
        "dir": "pkgs/firefox-addons",
        "lastModified": 1744400795,
        "narHash": "sha256-6kU2f0lPMJd9+yTwGMryM/Aa6CMPJYAOMY1xO5E6gaM=",
        "owner": "rycee",
        "repo": "nur-expressions",
        "rev": "12dc8c22e3b0ac99cefb274b825f85b003417ae7",
        "type": "gitlab"
      },
      "original": {
        "dir": "pkgs/firefox-addons",
        "owner": "rycee",
        "repo": "nur-expressions",
        "type": "gitlab"
      }
    },
    "flake-utils": {
      "inputs": {
        "systems": "systems"
      },
      "locked": {
        "lastModified": 1731533236,
        "narHash": "sha256-l0KFg5HjrsfsO/JpG+r7fRrqm12kzFHyUHqHCVpMMbI=",
        "owner": "numtide",
        "repo": "flake-utils",
        "rev": "11707dc2f618dd54ca8739b309ec4fc024de578b",
        "type": "github"
      },
      "original": {
        "id": "flake-utils",
        "type": "indirect"
      }
    },
    "home-manager": {
      "inputs": {
        "nixpkgs": [
          "nixpkgs"
        ]
      },
      "locked": {
        "lastModified": 1744117652,
        "narHash": "sha256-t7dFCDl4vIOOUMhEZnJF15aAzkpaup9x4ZRGToDFYWI=",
        "owner": "nix-community",
        "repo": "home-manager",
        "rev": "b4e98224ad1336751a2ac7493967a4c9f6d9cb3f",
        "type": "github"
      },
      "original": {
        "owner": "nix-community",
        "ref": "release-24.11",
        "repo": "home-manager",
        "type": "github"
      }
    },
    "nixpkgs": {
      "locked": {
        "lastModified": 1744696862,
        "narHash": "sha256-4aVm1NadccuEiQLnwYfUNefWyV9TjK2CEbPgn1mftq4=",
        "owner": "DaniD3v",
        "repo": "nixpkgs",
        "rev": "07514e2fc3dab225bbdb28e33b86040a209a52bb",
        "type": "github"
      },
      "original": {
        "owner": "DaniD3v",
        "ref": "librewolf-fix-backport",
        "repo": "nixpkgs",
        "type": "github"
      }
    },
    "nixpkgs-unstable": {
      "locked": {
        "lastModified": 1743530361,
        "narHash": "sha256-bQLfTgSnw3uhqxiCvttcw7YftyJqevPLlFZtIuP6kEk=",
        "owner": "nixos",
        "repo": "nixpkgs",
        "rev": "02b2743b6a95c8c9aab0782e6166572ada51acc8",
        "type": "github"
      },
      "original": {
        "owner": "nixos",
        "repo": "nixpkgs",
        "type": "github"
      }
    },
    "root": {
      "inputs": {
        "fenix": "fenix",
        "firefox-extensions": "firefox-extensions",
        "flake-utils": "flake-utils",
        "home-manager": "home-manager",
        "nixpkgs": "nixpkgs",
        "nixpkgs-unstable": "nixpkgs-unstable"
      }
    },
    "rust-analyzer-src": {
      "flake": false,
      "locked": {
        "lastModified": 1746522319,
        "narHash": "sha256-q+Qo00BFgXN6xKrsrQI1P7Z3K1s2zKT0GNl0h8DwBH4=",
        "owner": "rust-lang",
        "repo": "rust-analyzer",
        "rev": "debaef80be92d957f52d6e89c86286556075ea47",
        "type": "github"
      },
      "original": {
        "owner": "rust-lang",
        "ref": "nightly",
        "repo": "rust-analyzer",
        "type": "github"
      }
    },
    "systems": {
      "locked": {
        "lastModified": 1681028828,
        "narHash": "sha256-Vy1rq5AaRuLzOxct8nz4T6wlgyUR7zLU309k9mBC768=",
        "owner": "nix-systems",
        "repo": "default",
        "rev": "da67096a3b9bf56a91d16901293e51ba5b49a27e",
        "type": "github"
      },
      "original": {
        "owner": "nix-systems",
        "repo": "default",
        "type": "github"
      }
    }
  },
  "root": "root",
  "version": 7
}
